
Microsoft Visual Studio Solution File, Format Version 12.00
# Visual Studio Version 16
VisualStudioVersion = 16.0.31025.194
MinimumVisualStudioVersion = 10.0.40219.1
Project("{FAE04EC0-301F-11D3-BF4B-00C04F79EFBC}") = "ProyectoDeCatedraPOOFinal", "ProyectoDeCatedraPOOFinal\ProyectoDeCatedraPOOFinal.csproj", "{46F0EF07-8E72-4CF7-B4A1-2F4E642CEACE}"
EndProject
Project("{54435603-DBB4-11D2-8724-00A0C9A8B90C}") = "Instalador", "Instalador\Instalador.vdproj", "{55D0A046-102D-45D4-94D5-E7C6B27CCC77}"
EndProject
Global
	GlobalSection(SolutionConfigurationPlatforms) = preSolution
		Debug|Any CPU = Debug|Any CPU
		Release|Any CPU = Release|Any CPU
	EndGlobalSection
	GlobalSection(ProjectConfigurationPlatforms) = postSolution
		{46F0EF07-8E72-4CF7-B4A1-2F4E642CEACE}.Debug|Any CPU.ActiveCfg = Debug|Any CPU
		{46F0EF07-8E72-4CF7-B4A1-2F4E642CEACE}.Debug|Any CPU.Build.0 = Debug|Any CPU
		{46F0EF07-8E72-4CF7-B4A1-2F4E642CEACE}.Release|Any CPU.ActiveCfg = Release|Any CPU
		{46F0EF07-8E72-4CF7-B4A1-2F4E642CEACE}.Release|Any CPU.Build.0 = Release|Any CPU
		{55D0A046-102D-45D4-94D5-E7C6B27CCC77}.Debug|Any CPU.ActiveCfg = Debug
		{55D0A046-102D-45D4-94D5-E7C6B27CCC77}.Release|Any CPU.ActiveCfg = Release
	EndGlobalSection
	GlobalSection(SolutionProperties) = preSolution
		HideSolutionNode = FALSE
	EndGlobalSection
	GlobalSection(ExtensibilityGlobals) = postSolution
		SolutionGuid = {B4FDC1FB-794D-4F24-A94F-106AE1B7AF9A}
	EndGlobalSection
EndGlobal
