
Microsoft Visual Studio Solution File, Format Version 12.00
# Visual Studio 14
VisualStudioVersion = 14.0.23107.0
MinimumVisualStudioVersion = 10.0.40219.1
Project("{FAE04EC0-301F-11D3-BF4B-00C04F79EFBC}") = "ProyectoDeCatedraPOOFinal", "ProyectoDeCatedraPOOFinal\ProyectoDeCatedraPOOFinal.csproj", "{46F0EF07-8E72-4CF7-B4A1-2F4E642CEACE}"
EndProject
Global
	GlobalSection(SolutionConfigurationPlatforms) = preSolution
		Debug|Any CPU = Debug|Any CPU
		Release|Any CPU = Release|Any CPU
	EndGlobalSection
	GlobalSection(ProjectConfigurationPlatforms) = postSolution
		{46F0EF07-8E72-4CF7-B4A1-2F4E642CEACE}.Debug|Any CPU.ActiveCfg = Debug|Any CPU
		{46F0EF07-8E72-4CF7-B4A1-2F4E642CEACE}.Debug|Any CPU.Build.0 = Debug|Any CPU
		{46F0EF07-8E72-4CF7-B4A1-2F4E642CEACE}.Release|Any CPU.ActiveCfg = Release|Any CPU
		{46F0EF07-8E72-4CF7-B4A1-2F4E642CEACE}.Release|Any CPU.Build.0 = Release|Any CPU
	EndGlobalSection
	GlobalSection(SolutionProperties) = preSolution
		HideSolutionNode = FALSE
	EndGlobalSection
EndGlobal
